
Microsoft Visual Studio Solution File, Format Version 12.00
# Visual Studio Version 16
VisualStudioVersion = 16.0.31321.278
MinimumVisualStudioVersion = 10.0.40219.1
Project("{FAE04EC0-301F-11D3-BF4B-00C04F79EFBC}") = "gRPCService4", "gRPCService4.csproj", "{79675DD0-34D0-434E-9129-F3137C11C49A}"
EndProject
Global
	GlobalSection(SolutionConfigurationPlatforms) = preSolution
		Debug|Any CPU = Debug|Any CPU
		Debug|x86 = Debug|x86
		Release|Any CPU = Release|Any CPU
		Release|x86 = Release|x86
	EndGlobalSection
	GlobalSection(ProjectConfigurationPlatforms) = postSolution
		{79675DD0-34D0-434E-9129-F3137C11C49A}.Debug|Any CPU.ActiveCfg = Debug|Any CPU
		{79675DD0-34D0-434E-9129-F3137C11C49A}.Debug|Any CPU.Build.0 = Debug|Any CPU
		{79675DD0-34D0-434E-9129-F3137C11C49A}.Debug|x86.ActiveCfg = Debug|x86
		{79675DD0-34D0-434E-9129-F3137C11C49A}.Debug|x86.Build.0 = Debug|x86
		{79675DD0-34D0-434E-9129-F3137C11C49A}.Release|Any CPU.ActiveCfg = Release|Any CPU
		{79675DD0-34D0-434E-9129-F3137C11C49A}.Release|Any CPU.Build.0 = Release|Any CPU
		{79675DD0-34D0-434E-9129-F3137C11C49A}.Release|x86.ActiveCfg = Release|x86
		{79675DD0-34D0-434E-9129-F3137C11C49A}.Release|x86.Build.0 = Release|x86
	EndGlobalSection
	GlobalSection(SolutionProperties) = preSolution
		HideSolutionNode = FALSE
	EndGlobalSection
	GlobalSection(ExtensibilityGlobals) = postSolution
		SolutionGuid = {2650FB73-4CB7-4A7D-8DB7-C2546BBA79C2}
	EndGlobalSection
EndGlobal
